
Microsoft Visual Studio Solution File, Format Version 12.00
Project("{FAE04EC0-301F-11D3-BF4B-00C04F79EFBC}") = "MCTG", "MCTG\MCTG.csproj", "{4118F6F6-B1A3-4C51-9192-E44463558537}"
EndProject
Project("{FAE04EC0-301F-11D3-BF4B-00C04F79EFBC}") = "HttpServer", "HttpServer\HttpServer.csproj", "{5B48A89A-4AFC-414D-8B8D-3E1F32CD336B}"
EndProject
Project("{FAE04EC0-301F-11D3-BF4B-00C04F79EFBC}") = "HttpController", "HttpController\HttpController.csproj", "{D1324A4D-CC59-4C03-8190-9E7274A4BCB1}"
EndProject
Project("{FAE04EC0-301F-11D3-BF4B-00C04F79EFBC}") = "Models", "Models\Models.csproj", "{DA42A2D8-B84D-422F-A983-AA28FB3FF35B}"
EndProject
Project("{FAE04EC0-301F-11D3-BF4B-00C04F79EFBC}") = "Test", "Test\Test.csproj", "{23D5987A-504B-41B1-9D16-CC5573609BD8}"
EndProject
Project("{FAE04EC0-301F-11D3-BF4B-00C04F79EFBC}") = "DataLayer", "DataLayer\DataLayer.csproj", "{B8CC0003-726D-4B5A-8299-72309F9DA6BF}"
EndProject
Global
	GlobalSection(SolutionConfigurationPlatforms) = preSolution
		Debug|Any CPU = Debug|Any CPU
		Release|Any CPU = Release|Any CPU
	EndGlobalSection
	GlobalSection(ProjectConfigurationPlatforms) = postSolution
		{4118F6F6-B1A3-4C51-9192-E44463558537}.Debug|Any CPU.ActiveCfg = Debug|Any CPU
		{4118F6F6-B1A3-4C51-9192-E44463558537}.Debug|Any CPU.Build.0 = Debug|Any CPU
		{4118F6F6-B1A3-4C51-9192-E44463558537}.Release|Any CPU.ActiveCfg = Release|Any CPU
		{4118F6F6-B1A3-4C51-9192-E44463558537}.Release|Any CPU.Build.0 = Release|Any CPU
		{5B48A89A-4AFC-414D-8B8D-3E1F32CD336B}.Debug|Any CPU.ActiveCfg = Debug|Any CPU
		{5B48A89A-4AFC-414D-8B8D-3E1F32CD336B}.Debug|Any CPU.Build.0 = Debug|Any CPU
		{5B48A89A-4AFC-414D-8B8D-3E1F32CD336B}.Release|Any CPU.ActiveCfg = Release|Any CPU
		{5B48A89A-4AFC-414D-8B8D-3E1F32CD336B}.Release|Any CPU.Build.0 = Release|Any CPU
		{D1324A4D-CC59-4C03-8190-9E7274A4BCB1}.Debug|Any CPU.ActiveCfg = Debug|Any CPU
		{D1324A4D-CC59-4C03-8190-9E7274A4BCB1}.Debug|Any CPU.Build.0 = Debug|Any CPU
		{D1324A4D-CC59-4C03-8190-9E7274A4BCB1}.Release|Any CPU.ActiveCfg = Release|Any CPU
		{D1324A4D-CC59-4C03-8190-9E7274A4BCB1}.Release|Any CPU.Build.0 = Release|Any CPU
		{DA42A2D8-B84D-422F-A983-AA28FB3FF35B}.Debug|Any CPU.ActiveCfg = Debug|Any CPU
		{DA42A2D8-B84D-422F-A983-AA28FB3FF35B}.Debug|Any CPU.Build.0 = Debug|Any CPU
		{DA42A2D8-B84D-422F-A983-AA28FB3FF35B}.Release|Any CPU.ActiveCfg = Release|Any CPU
		{DA42A2D8-B84D-422F-A983-AA28FB3FF35B}.Release|Any CPU.Build.0 = Release|Any CPU
		{23D5987A-504B-41B1-9D16-CC5573609BD8}.Debug|Any CPU.ActiveCfg = Debug|Any CPU
		{23D5987A-504B-41B1-9D16-CC5573609BD8}.Debug|Any CPU.Build.0 = Debug|Any CPU
		{23D5987A-504B-41B1-9D16-CC5573609BD8}.Release|Any CPU.ActiveCfg = Release|Any CPU
		{23D5987A-504B-41B1-9D16-CC5573609BD8}.Release|Any CPU.Build.0 = Release|Any CPU
		{B8CC0003-726D-4B5A-8299-72309F9DA6BF}.Debug|Any CPU.ActiveCfg = Debug|Any CPU
		{B8CC0003-726D-4B5A-8299-72309F9DA6BF}.Debug|Any CPU.Build.0 = Debug|Any CPU
		{B8CC0003-726D-4B5A-8299-72309F9DA6BF}.Release|Any CPU.ActiveCfg = Release|Any CPU
		{B8CC0003-726D-4B5A-8299-72309F9DA6BF}.Release|Any CPU.Build.0 = Release|Any CPU
	EndGlobalSection
EndGlobal
